
Microsoft Visual Studio Solution File, Format Version 12.00
# Visual Studio 2017
Project("{FAE04EC0-301F-11D3-BF4B-00C04F79EFBC}") = "CubePuzzler", "CubePuzzler.csproj", "{4F34DFE0-4E38-BBE3-0AE8-5CE0F5F8AD23}"
EndProject
Project("{FAE04EC0-301F-11D3-BF4B-00C04F79EFBC}") = "CubePuzzler.Plugins", "CubePuzzler.Plugins.csproj", "{22A1FEEA-EDD9-5C05-BBDB-EE4C8E8AD080}"
EndProject
Project("{FAE04EC0-301F-11D3-BF4B-00C04F79EFBC}") = "CubePuzzler.Editor.Plugins", "CubePuzzler.Editor.Plugins.csproj", "{7E30312D-BD4B-AD7F-CB0F-EA63D0A6457C}"
EndProject
Global
	GlobalSection(SolutionConfigurationPlatforms) = preSolution
		Debug|Any CPU = Debug|Any CPU
		Release|Any CPU = Release|Any CPU
	EndGlobalSection
	GlobalSection(ProjectConfigurationPlatforms) = postSolution
		{4F34DFE0-4E38-BBE3-0AE8-5CE0F5F8AD23}.Debug|Any CPU.ActiveCfg = Debug|Any CPU
		{4F34DFE0-4E38-BBE3-0AE8-5CE0F5F8AD23}.Debug|Any CPU.Build.0 = Debug|Any CPU
		{4F34DFE0-4E38-BBE3-0AE8-5CE0F5F8AD23}.Release|Any CPU.ActiveCfg = Release|Any CPU
		{4F34DFE0-4E38-BBE3-0AE8-5CE0F5F8AD23}.Release|Any CPU.Build.0 = Release|Any CPU
		{22A1FEEA-EDD9-5C05-BBDB-EE4C8E8AD080}.Debug|Any CPU.ActiveCfg = Debug|Any CPU
		{22A1FEEA-EDD9-5C05-BBDB-EE4C8E8AD080}.Debug|Any CPU.Build.0 = Debug|Any CPU
		{22A1FEEA-EDD9-5C05-BBDB-EE4C8E8AD080}.Release|Any CPU.ActiveCfg = Release|Any CPU
		{22A1FEEA-EDD9-5C05-BBDB-EE4C8E8AD080}.Release|Any CPU.Build.0 = Release|Any CPU
		{7E30312D-BD4B-AD7F-CB0F-EA63D0A6457C}.Debug|Any CPU.ActiveCfg = Debug|Any CPU
		{7E30312D-BD4B-AD7F-CB0F-EA63D0A6457C}.Debug|Any CPU.Build.0 = Debug|Any CPU
		{7E30312D-BD4B-AD7F-CB0F-EA63D0A6457C}.Release|Any CPU.ActiveCfg = Release|Any CPU
		{7E30312D-BD4B-AD7F-CB0F-EA63D0A6457C}.Release|Any CPU.Build.0 = Release|Any CPU
	EndGlobalSection
	GlobalSection(SolutionProperties) = preSolution
		HideSolutionNode = FALSE
	EndGlobalSection
EndGlobal
